
Microsoft Visual Studio Solution File, Format Version 12.00
# Visual Studio Version 16
VisualStudioVersion = 16.0.30717.126
MinimumVisualStudioVersion = 10.0.40219.1
Project("{FAE04EC0-301F-11D3-BF4B-00C04F79EFBC}") = "ManagementSystem_Pharmacy", "ManagementSystem_Pharmacy\ManagementSystem_Pharmacy.csproj", "{5DB95DE5-27AC-4FA0-8774-5BE1806E8347}"
EndProject
Global
	GlobalSection(SolutionConfigurationPlatforms) = preSolution
		Debug|Any CPU = Debug|Any CPU
		Release|Any CPU = Release|Any CPU
	EndGlobalSection
	GlobalSection(ProjectConfigurationPlatforms) = postSolution
		{5DB95DE5-27AC-4FA0-8774-5BE1806E8347}.Debug|Any CPU.ActiveCfg = Debug|Any CPU
		{5DB95DE5-27AC-4FA0-8774-5BE1806E8347}.Debug|Any CPU.Build.0 = Debug|Any CPU
		{5DB95DE5-27AC-4FA0-8774-5BE1806E8347}.Release|Any CPU.ActiveCfg = Release|Any CPU
		{5DB95DE5-27AC-4FA0-8774-5BE1806E8347}.Release|Any CPU.Build.0 = Release|Any CPU
	EndGlobalSection
	GlobalSection(SolutionProperties) = preSolution
		HideSolutionNode = FALSE
	EndGlobalSection
	GlobalSection(ExtensibilityGlobals) = postSolution
		SolutionGuid = {8F0244EB-41E0-4090-84AD-19327F98DE2F}
	EndGlobalSection
EndGlobal
